Microsoft Visual Studio Solution File, Format Version 12.00
# Visual Studio Version 17
VisualStudioVersion = 17.5.2.0
MinimumVisualStudioVersion = 10.0.40219.1
Project("{FAE04EC0-301F-11D3-BF4B-00C04F79EFBC}") = "Salle-de-Sport", "Salle-de-Sport.csproj", "{F2002EFB-8AE8-D44E-AFA2-1C6BCD056E33}"
EndProject
Global
	GlobalSection(SolutionConfigurationPlatforms) = preSolution
		Debug|Any CPU = Debug|Any CPU
		Release|Any CPU = Release|Any CPU
	EndGlobalSection
	GlobalSection(ProjectConfigurationPlatforms) = postSolution
		{F2002EFB-8AE8-D44E-AFA2-1C6BCD056E33}.Debug|Any CPU.ActiveCfg = Debug|Any CPU
		{F2002EFB-8AE8-D44E-AFA2-1C6BCD056E33}.Debug|Any CPU.Build.0 = Debug|Any CPU
		{F2002EFB-8AE8-D44E-AFA2-1C6BCD056E33}.Release|Any CPU.ActiveCfg = Release|Any CPU
		{F2002EFB-8AE8-D44E-AFA2-1C6BCD056E33}.Release|Any CPU.Build.0 = Release|Any CPU
	EndGlobalSection
	GlobalSection(SolutionProperties) = preSolution
		HideSolutionNode = FALSE
	EndGlobalSection
	GlobalSection(ExtensibilityGlobals) = postSolution
		SolutionGuid = {32D81461-738C-4CE8-AAD1-153EE2FB1FD5}
	EndGlobalSection
EndGlobal
